
Microsoft Visual Studio Solution File, Format Version 12.00
# Visual Studio Version 16
VisualStudioVersion = 16.0.30011.22
MinimumVisualStudioVersion = 10.0.40219.1
Project("{9A19103F-16F7-4668-BE54-9A1E7A4F7556}") = "dotnet_infantsSchool", "dotnet_infantsSchool.csproj", "{4854332E-4C8B-40D0-A2C5-12A2221A8DAF}"
EndProject
Project("{FAE04EC0-301F-11D3-BF4B-00C04F79EFBC}") = "Model", "..\Model\Model.csproj", "{D944DAD6-2A16-4043-83B1-4505CA8309B8}"
EndProject
Project("{FAE04EC0-301F-11D3-BF4B-00C04F79EFBC}") = "IRepository", "..\IRepository\IRepository.csproj", "{36E4B838-9F54-48A6-9DFC-1DA446306C20}"
EndProject
Project("{FAE04EC0-301F-11D3-BF4B-00C04F79EFBC}") = "Repository", "..\Repository\Repository.csproj", "{DBA1070D-4585-483C-82ED-61B0B92F0B51}"
EndProject
Project("{FAE04EC0-301F-11D3-BF4B-00C04F79EFBC}") = "IServices", "..\IServices\IServices.csproj", "{6CD5394B-568B-4AB3-9803-ED3F253C28FC}"
EndProject
Project("{FAE04EC0-301F-11D3-BF4B-00C04F79EFBC}") = "Services", "..\Services\Services.csproj", "{6B8EDB72-BFC6-4526-A952-BD9759C937F5}"
EndProject
Global
	GlobalSection(SolutionConfigurationPlatforms) = preSolution
		Debug|Any CPU = Debug|Any CPU
		Release|Any CPU = Release|Any CPU
	EndGlobalSection
	GlobalSection(ProjectConfigurationPlatforms) = postSolution
		{4854332E-4C8B-40D0-A2C5-12A2221A8DAF}.Debug|Any CPU.ActiveCfg = Debug|Any CPU
		{4854332E-4C8B-40D0-A2C5-12A2221A8DAF}.Debug|Any CPU.Build.0 = Debug|Any CPU
		{4854332E-4C8B-40D0-A2C5-12A2221A8DAF}.Release|Any CPU.ActiveCfg = Release|Any CPU
		{4854332E-4C8B-40D0-A2C5-12A2221A8DAF}.Release|Any CPU.Build.0 = Release|Any CPU
		{D944DAD6-2A16-4043-83B1-4505CA8309B8}.Debug|Any CPU.ActiveCfg = Debug|Any CPU
		{D944DAD6-2A16-4043-83B1-4505CA8309B8}.Debug|Any CPU.Build.0 = Debug|Any CPU
		{D944DAD6-2A16-4043-83B1-4505CA8309B8}.Release|Any CPU.ActiveCfg = Release|Any CPU
		{D944DAD6-2A16-4043-83B1-4505CA8309B8}.Release|Any CPU.Build.0 = Release|Any CPU
		{36E4B838-9F54-48A6-9DFC-1DA446306C20}.Debug|Any CPU.ActiveCfg = Debug|Any CPU
		{36E4B838-9F54-48A6-9DFC-1DA446306C20}.Debug|Any CPU.Build.0 = Debug|Any CPU
		{36E4B838-9F54-48A6-9DFC-1DA446306C20}.Release|Any CPU.ActiveCfg = Release|Any CPU
		{36E4B838-9F54-48A6-9DFC-1DA446306C20}.Release|Any CPU.Build.0 = Release|Any CPU
		{DBA1070D-4585-483C-82ED-61B0B92F0B51}.Debug|Any CPU.ActiveCfg = Debug|Any CPU
		{DBA1070D-4585-483C-82ED-61B0B92F0B51}.Debug|Any CPU.Build.0 = Debug|Any CPU
		{DBA1070D-4585-483C-82ED-61B0B92F0B51}.Release|Any CPU.ActiveCfg = Release|Any CPU
		{DBA1070D-4585-483C-82ED-61B0B92F0B51}.Release|Any CPU.Build.0 = Release|Any CPU
		{6CD5394B-568B-4AB3-9803-ED3F253C28FC}.Debug|Any CPU.ActiveCfg = Debug|Any CPU
		{6CD5394B-568B-4AB3-9803-ED3F253C28FC}.Debug|Any CPU.Build.0 = Debug|Any CPU
		{6CD5394B-568B-4AB3-9803-ED3F253C28FC}.Release|Any CPU.ActiveCfg = Release|Any CPU
		{6CD5394B-568B-4AB3-9803-ED3F253C28FC}.Release|Any CPU.Build.0 = Release|Any CPU
		{6B8EDB72-BFC6-4526-A952-BD9759C937F5}.Debug|Any CPU.ActiveCfg = Debug|Any CPU
		{6B8EDB72-BFC6-4526-A952-BD9759C937F5}.Debug|Any CPU.Build.0 = Debug|Any CPU
		{6B8EDB72-BFC6-4526-A952-BD9759C937F5}.Release|Any CPU.ActiveCfg = Release|Any CPU
		{6B8EDB72-BFC6-4526-A952-BD9759C937F5}.Release|Any CPU.Build.0 = Release|Any CPU
	EndGlobalSection
	GlobalSection(SolutionProperties) = preSolution
		HideSolutionNode = FALSE
	EndGlobalSection
	GlobalSection(ExtensibilityGlobals) = postSolution
		SolutionGuid = {B0D569BA-BE8F-43D7-B2AE-6C759D09AADC}
	EndGlobalSection
EndGlobal
